
Microsoft Visual Studio Solution File, Format Version 12.00
# Visual Studio Version 16
VisualStudioVersion = 25.0.1706.9
MinimumVisualStudioVersion = 10.0.40219.1
Project("{FAE04EC0-301F-11D3-BF4B-00C04F79EFBC}") = "MyToolTrackerAPI", "MyToolTrackerAPI\MyToolTrackerAPI.csproj", "{A9C99F33-84E8-44AF-8A3D-0F372EB54DB1}"
EndProject
Project("{2150E333-8FDC-42A3-9474-1A3956D46DE8}") = "Solution Items", "Solution Items", "{CDB2FA1B-8579-464E-B69D-00F810946DFD}"
	ProjectSection(SolutionItems) = preProject
		.gitignore = .gitignore
	EndProjectSection
EndProject
Global
	GlobalSection(SolutionConfigurationPlatforms) = preSolution
		Debug|Any CPU = Debug|Any CPU
		Release|Any CPU = Release|Any CPU
	EndGlobalSection
	GlobalSection(ProjectConfigurationPlatforms) = postSolution
		{A9C99F33-84E8-44AF-8A3D-0F372EB54DB1}.Debug|Any CPU.ActiveCfg = Debug|Any CPU
		{A9C99F33-84E8-44AF-8A3D-0F372EB54DB1}.Debug|Any CPU.Build.0 = Debug|Any CPU
		{A9C99F33-84E8-44AF-8A3D-0F372EB54DB1}.Release|Any CPU.ActiveCfg = Release|Any CPU
		{A9C99F33-84E8-44AF-8A3D-0F372EB54DB1}.Release|Any CPU.Build.0 = Release|Any CPU
	EndGlobalSection
	GlobalSection(SolutionProperties) = preSolution
		HideSolutionNode = FALSE
	EndGlobalSection
	GlobalSection(ExtensibilityGlobals) = postSolution
		SolutionGuid = {EB3595C2-8EF7-4C7B-B458-B4738C349853}
	EndGlobalSection
EndGlobal
