
Microsoft Visual Studio Solution File, Format Version 12.00
# Visual Studio Version 16
VisualStudioVersion = 25.0.1706.9
MinimumVisualStudioVersion = 10.0.40219.1
Project("{FAE04EC0-301F-11D3-BF4B-00C04F79EFBC}") = "MyToolTrackerAPI", "MyToolTrackerAPI\MyToolTrackerAPI.csproj", "{A9C99F33-84E8-44AF-8A3D-0F372EB54DB1}"
EndProject
Project("{2150E333-8FDC-42A3-9474-1A3956D46DE8}") = "Solution Items", "Solution Items", "{CDB2FA1B-8579-464E-B69D-00F810946DFD}"
	ProjectSection(SolutionItems) = preProject
		.gitignore = .gitignore
	EndProjectSection
EndProject
Project("{FAE04EC0-301F-11D3-BF4B-00C04F79EFBC}") = "MyToolTracker.Domain", "MyToolTracker.Domain\MyToolTracker.Domain.csproj", "{D82B68B6-ECFB-4B64-BEF2-AA1F9CBE93F4}"
EndProject
Project("{FAE04EC0-301F-11D3-BF4B-00C04F79EFBC}") = "MyToolTracker.Infrastructure", "MyToolTracker.Infrastructure\MyToolTracker.Infrastructure.csproj", "{A6046B2E-D4F2-458F-8F9C-241EE9F1EEEC}"
EndProject
Project("{FAE04EC0-301F-11D3-BF4B-00C04F79EFBC}") = "MyToolTracker.Application", "MyToolTracker.Application\MyToolTracker.Application.csproj", "{1E9BB0E4-86D6-40EF-A072-737AE850C30E}"
EndProject
Project("{FAE04EC0-301F-11D3-BF4B-00C04F79EFBC}") = "MyToolTracker.API", "MyToolTracker.API\MyToolTracker.API.csproj", "{21AFD784-4009-4384-9338-DAB45ABD9B78}"
EndProject
Global
	GlobalSection(SolutionConfigurationPlatforms) = preSolution
		Debug|Any CPU = Debug|Any CPU
		Release|Any CPU = Release|Any CPU
	EndGlobalSection
	GlobalSection(ProjectConfigurationPlatforms) = postSolution
		{A9C99F33-84E8-44AF-8A3D-0F372EB54DB1}.Debug|Any CPU.ActiveCfg = Debug|Any CPU
		{A9C99F33-84E8-44AF-8A3D-0F372EB54DB1}.Debug|Any CPU.Build.0 = Debug|Any CPU
		{A9C99F33-84E8-44AF-8A3D-0F372EB54DB1}.Release|Any CPU.ActiveCfg = Release|Any CPU
		{A9C99F33-84E8-44AF-8A3D-0F372EB54DB1}.Release|Any CPU.Build.0 = Release|Any CPU
		{D82B68B6-ECFB-4B64-BEF2-AA1F9CBE93F4}.Debug|Any CPU.ActiveCfg = Debug|Any CPU
		{D82B68B6-ECFB-4B64-BEF2-AA1F9CBE93F4}.Debug|Any CPU.Build.0 = Debug|Any CPU
		{D82B68B6-ECFB-4B64-BEF2-AA1F9CBE93F4}.Release|Any CPU.ActiveCfg = Release|Any CPU
		{D82B68B6-ECFB-4B64-BEF2-AA1F9CBE93F4}.Release|Any CPU.Build.0 = Release|Any CPU
		{A6046B2E-D4F2-458F-8F9C-241EE9F1EEEC}.Debug|Any CPU.ActiveCfg = Debug|Any CPU
		{A6046B2E-D4F2-458F-8F9C-241EE9F1EEEC}.Debug|Any CPU.Build.0 = Debug|Any CPU
		{A6046B2E-D4F2-458F-8F9C-241EE9F1EEEC}.Release|Any CPU.ActiveCfg = Release|Any CPU
		{A6046B2E-D4F2-458F-8F9C-241EE9F1EEEC}.Release|Any CPU.Build.0 = Release|Any CPU
		{1E9BB0E4-86D6-40EF-A072-737AE850C30E}.Debug|Any CPU.ActiveCfg = Debug|Any CPU
		{1E9BB0E4-86D6-40EF-A072-737AE850C30E}.Debug|Any CPU.Build.0 = Debug|Any CPU
		{1E9BB0E4-86D6-40EF-A072-737AE850C30E}.Release|Any CPU.ActiveCfg = Release|Any CPU
		{1E9BB0E4-86D6-40EF-A072-737AE850C30E}.Release|Any CPU.Build.0 = Release|Any CPU
		{21AFD784-4009-4384-9338-DAB45ABD9B78}.Debug|Any CPU.ActiveCfg = Debug|Any CPU
		{21AFD784-4009-4384-9338-DAB45ABD9B78}.Debug|Any CPU.Build.0 = Debug|Any CPU
		{21AFD784-4009-4384-9338-DAB45ABD9B78}.Release|Any CPU.ActiveCfg = Release|Any CPU
		{21AFD784-4009-4384-9338-DAB45ABD9B78}.Release|Any CPU.Build.0 = Release|Any CPU
	EndGlobalSection
	GlobalSection(SolutionProperties) = preSolution
		HideSolutionNode = FALSE
	EndGlobalSection
	GlobalSection(ExtensibilityGlobals) = postSolution
		SolutionGuid = {EB3595C2-8EF7-4C7B-B458-B4738C349853}
	EndGlobalSection
EndGlobal
